{
  "name": "cookingdb",
  "lockfileVersion": 3,
  "requires": true,
  "packages": {
    "": {
      "name": "cookingdb",
      "dependencies": {
        "papaparse": "file:vendor/papaparse"
      },
      "devDependencies": {
        "http-server": "file:vendor/http-server"
      }
    },
    "node_modules/http-server": {
      "resolved": "vendor/http-server",
      "link": true
    },
    "node_modules/papaparse": {
      "resolved": "vendor/papaparse",
      "link": true
    },
    "vendor/http-server": {
      "version": "0.0.0-local",
      "dev": true,
      "bin": {
        "http-server": "bin/http-server.js"
      }
    },
    "vendor/papaparse": {
      "version": "0.0.0-local"
    }
  }
}
