{
  "name": "cookingdb",
  "version": "1.0.0",
  "lockfileVersion": 3,
  "requires": true,
  "packages": {
    "": {
      "name": "cookingdb",
      "version": "1.0.0",
      "dependencies": {
        "papaparse": "^5.5.3"
      }
    }
  },
  "dependencies": {
    "papaparse": {
      "version": "5.5.3"
    }
  }
}
